
Microsoft Visual Studio Solution File, Format Version 11.00
# Visual Studio 2010
Project("{FAE04EC0-301F-11D3-BF4B-00C04F79EFBC}") = "KtcProject1", "KtcProject1\KtcProject1.csproj", "{ECE58336-E5EF-4386-8A0D-385A1D7023B2}"
EndProject
Global
	GlobalSection(SolutionConfigurationPlatforms) = preSolution
		Debug|Any CPU = Debug|Any CPU
		Release|Any CPU = Release|Any CPU
	EndGlobalSection
	GlobalSection(ProjectConfigurationPlatforms) = postSolution
		{ECE58336-E5EF-4386-8A0D-385A1D7023B2}.Debug|Any CPU.ActiveCfg = Debug|Any CPU
		{ECE58336-E5EF-4386-8A0D-385A1D7023B2}.Debug|Any CPU.Build.0 = Debug|Any CPU
		{ECE58336-E5EF-4386-8A0D-385A1D7023B2}.Release|Any CPU.ActiveCfg = Release|Any CPU
		{ECE58336-E5EF-4386-8A0D-385A1D7023B2}.Release|Any CPU.Build.0 = Release|Any CPU
	EndGlobalSection
	GlobalSection(SolutionProperties) = preSolution
		HideSolutionNode = FALSE
	EndGlobalSection
EndGlobal
